// !$*UTF8*$!
{
	archiveVersion = 1;
	classes = {
	};
	objectVersion = 46;
	objects = {

/* Begin PBXBuildFile section */
		8E241ED61E0276BC008027AC /* AppDelegate.swift in Sources */ = {isa = PBXBuildFile; fileRef = 8E241ED51E0276BC008027AC /* AppDelegate.swift */; };
		8E241ED81E0276BC008027AC /* ViewController.swift in Sources */ = {isa = PBXBuildFile; fileRef = 8E241ED71E0276BC008027AC /* ViewController.swift */; };
		8E241EDB1E0276BC008027AC /* Main.storyboard in Resources */ = {isa = PBXBuildFile; fileRef = 8E241ED91E0276BC008027AC /* Main.storyboard */; };
		8E241EDD1E0276BC008027AC /* Assets.xcassets in Resources */ = {isa = PBXBuildFile; fileRef = 8E241EDC1E0276BC008027AC /* Assets.xcassets */; };
		8E241EE01E0276BC008027AC /* LaunchScreen.storyboard in Resources */ = {isa = PBXBuildFile; fileRef = 8E241EDE1E0276BC008027AC /* LaunchScreen.storyboard */; };
		8E241EEB1E0276BD008027AC /* TwitterTests.swift in Sources */ = {isa = PBXBuildFile; fileRef = 8E241EEA1E0276BD008027AC /* TwitterTests.swift */; };
/* End PBXBuildFile section */

/* Begin PBXContainerItemProxy section */
		8E241EE71E0276BD008027AC /* PBXContainerItemProxy */ = {
			isa = PBXContainerItemProxy;
			containerPortal = 8E241ECA1E0276BC008027AC /* Project object */;
			proxyType = 1;
			remoteGlobalIDString = 8E241ED11E0276BC008027AC;
			remoteInfo = Twitter;
		};
/* End PBXContainerItemProxy section */

/* Begin PBXFileReference section */
		8E241ED21E0276BC008027AC /* Twitter.app */ = {isa = PBXFileReference; explicitFileType = wrapper.application; includeInIndex = 0; path = Twitter.app; sourceTree = BUILT_PRODUCTS_DIR; };
		8E241ED51E0276BC008027AC /* AppDelegate.swift */ = {isa = PBXFileReference; lastKnownFileType = sourcecode.swift; path = AppDelegate.swift; sourceTree = "<group>"; };
		8E241ED71E0276BC008027AC /* ViewController.swift */ = {isa = PBXFileReference; lastKnownFileType = sourcecode.swift; path = ViewController.swift; sourceTree = "<group>"; };
		8E241EDA1E0276BC008027AC /* Base */ = {isa = PBXFileReference; lastKnownFileType = file.storyboard; name = Base; path = Base.lproj/Main.storyboard; sourceTree = "<group>"; };
		8E241EDC1E0276BC008027AC /* Assets.xcassets */ = {isa = PBXFileReference; lastKnownFileType = folder.assetcatalog; path = Assets.xcassets; sourceTree = "<group>"; };
		8E241EDF1E0276BC008027AC /* Base */ = {isa = PBXFileReference; lastKnownFileType = file.storyboard; name = Base; path = Base.lproj/LaunchScreen.storyboard; sourceTree = "<group>"; };
		8E241EE11E0276BC008027AC /* Info.plist */ = {isa = PBXFileReference; lastKnownFileType = text.plist.xml; path = Info.plist; sourceTree = "<group>"; };
		8E241EE61E0276BD008027AC /* TwitterTests.xctest */ = {isa = PBXFileReference; explicitFileType = wrapper.cfbundle; includeInIndex = 0; path = TwitterTests.xctest; sourceTree = BUILT_PRODUCTS_DIR; };
		8E241EEA1E0276BD008027AC /* TwitterTests.swift */ = {isa = PBXFileReference; lastKnownFileType = sourcecode.swift; path = TwitterTests.swift; sourceTree = "<group>"; };
		8E241EEC1E0276BD008027AC /* Info.plist */ = {isa = PBXFileReference; lastKnownFileType = text.plist.xml; path = Info.plist; sourceTree = "<group>"; };
/* End PBXFileReference section */

/* Begin PBXFrameworksBuildPhase section */
		8E241ECF1E0276BC008027AC /* Frameworks */ = {
			isa = PBXFrameworksBuildPhase;
			buildActionMask = 2147483647;
			files = (
			);
			runOnlyForDeploymentPostprocessing = 0;
		};
		8E241EE31E0276BD008027AC /* Frameworks */ = {
			isa = PBXFrameworksBuildPhase;
			buildActionMask = 2147483647;
			files = (
			);
			runOnlyForDeploymentPostprocessing = 0;
		};
/* End PBXFrameworksBuildPhase section */

/* Begin PBXGroup section */
		8E241EC91E0276BC008027AC = {
			isa = PBXGroup;
			children = (
				8E241ED41E0276BC008027AC /* Twitter */,
				8E241EE91E0276BD008027AC /* TwitterTests */,
				8E241ED31E0276BC008027AC /* Products */,
			);
			sourceTree = "<group>";
		};
		8E241ED31E0276BC008027AC /* Products */ = {
			isa = PBXGroup;
			children = (
				8E241ED21E0276BC008027AC /* Twitter.app */,
				8E241EE61E0276BD008027AC /* TwitterTests.xctest */,
			);
			name = Products;
			sourceTree = "<group>";
		};
		8E241ED41E0276BC008027AC /* Twitter */ = {
			isa = PBXGroup;
			children = (
				8E241ED51E0276BC008027AC /* AppDelegate.swift */,
				8E241ED71E0276BC008027AC /* ViewController.swift */,
				8E241ED91E0276BC008027AC /* Main.storyboard */,
				8E241EDC1E0276BC008027AC /* Assets.xcassets */,
				8E241EDE1E0276BC008027AC /* LaunchScreen.storyboard */,
				8E241EE11E0276BC008027AC /* Info.plist */,
			);
			path = Twitter;
			sourceTree = "<group>";
		};
		8E241EE91E0276BD008027AC /* TwitterTests */ = {
			isa = PBXGroup;
			children = (
				8E241EEA1E0276BD008027AC /* TwitterTests.swift */,
				8E241EEC1E0276BD008027AC /* Info.plist */,
			);
			path = TwitterTests;
			sourceTree = "<group>";
		};
/* End PBXGroup section */

/* Begin PBXNativeTarget section */
		8E241ED11E0276BC008027AC /* Twitter */ = {
			isa = PBXNativeTarget;
			buildConfigurationList = 8E241EEF1E0276BD008027AC /* Build configuration list for PBXNativeTarget "Twitter" */;
			buildPhases = (
				8E241ECE1E0276BC008027AC /* Sources */,
				8E241ECF1E0276BC008027AC /* Frameworks */,
				8E241ED01E0276BC008027AC /* Resources */,
			);
			buildRules = (
			);
			dependencies = (
			);
			name = Twitter;
			productName = Twitter;
			productReference = 8E241ED21E0276BC008027AC /* Twitter.app */;
			productType = "com.apple.product-type.application";
		};
		8E241EE51E0276BD008027AC /* TwitterTests */ = {
			isa = PBXNativeTarget;
			buildConfigurationList = 8E241EF21E0276BD008027AC /* Build configuration list for PBXNativeTarget "TwitterTests" */;
			buildPhases = (
				8E241EE21E0276BD008027AC /* Sources */,
				8E241EE31E0276BD008027AC /* Frameworks */,
				8E241EE41E0276BD008027AC /* Resources */,
			);
			buildRules = (
			);
			dependencies = (
				8E241EE81E0276BD008027AC /* PBXTargetDependency */,
			);
			name = TwitterTests;
			productName = TwitterTests;
			productReference = 8E241EE61E0276BD008027AC /* TwitterTests.xctest */;
			productType = "com.apple.product-type.bundle.unit-test";
		};
/* End PBXNativeTarget section */

/* Begin PBXProject section */
		8E241ECA1E0276BC008027AC /* Project object */ = {
			isa = PBXProject;
			attributes = {
				LastSwiftUpdateCheck = 0800;
				LastUpgradeCheck = 0800;
				ORGANIZATIONNAME = TMH;
				TargetAttributes = {
					8E241ED11E0276BC008027AC = {
						CreatedOnToolsVersion = 8.0;
						ProvisioningStyle = Automatic;
					};
					8E241EE51E0276BD008027AC = {
						CreatedOnToolsVersion = 8.0;
						ProvisioningStyle = Automatic;
						TestTargetID = 8E241ED11E0276BC008027AC;
					};
				};
			};
			buildConfigurationList = 8E241ECD1E0276BC008027AC /* Build configuration list for PBXProject "Twitter" */;
			compatibilityVersion = "Xcode 3.2";
			developmentRegion = English;
			hasScannedForEncodings = 0;
			knownRegions = (
				en,
				Base,
			);
			mainGroup = 8E241EC91E0276BC008027AC;
			productRefGroup = 8E241ED31E0276BC008027AC /* Products */;
			projectDirPath = "";
			projectRoot = "";
			targets = (
				8E241ED11E0276BC008027AC /* Twitter */,
				8E241EE51E0276BD008027AC /* TwitterTests */,
			);
		};
/* End PBXProject section */

/* Begin PBXResourcesBuildPhase section */
		8E241ED01E0276BC008027AC /* Resources */ = {
			isa = PBXResourcesBuildPhase;
			buildActionMask = 2147483647;
			files = (
				8E241EE01E0276BC008027AC /* LaunchScreen.storyboard in Resources */,
				8E241EDD1E0276BC008027AC /* Assets.xcassets in Resources */,
				8E241EDB1E0276BC008027AC /* Main.storyboard in Resources */,
			);
			runOnlyForDeploymentPostprocessing = 0;
		};
		8E241EE41E0276BD008027AC /* Resources */ = {
			isa = PBXResourcesBuildPhase;
			buildActionMask = 2147483647;
			files = (
			);
			runOnlyForDeploymentPostprocessing = 0;
		};
/* End PBXResourcesBuildPhase section */

/* Begin PBXSourcesBuildPhase section */
		8E241ECE1E0276BC008027AC /* Sources */ = {
			isa = PBXSourcesBuildPhase;
			buildActionMask = 2147483647;
			files = (
				8E241ED81E0276BC008027AC /* ViewController.swift in Sources */,
				8E241ED61E0276BC008027AC /* AppDelegate.swift in Sources */,
			);
			runOnlyForDeploymentPostprocessing = 0;
		};
		8E241EE21E0276BD008027AC /* Sources */ = {
			isa = PBXSourcesBuildPhase;
			buildActionMask = 2147483647;
			files = (
				8E241EEB1E0276BD008027AC /* TwitterTests.swift in Sources */,
			);
			runOnlyForDeploymentPostprocessing = 0;
		};
/* End PBXSourcesBuildPhase section */

/* Begin PBXTargetDependency section */
		8E241EE81E0276BD008027AC /* PBXTargetDependency */ = {
			isa = PBXTargetDependency;
			target = 8E241ED11E0276BC008027AC /* Twitter */;
			targetProxy = 8E241EE71E0276BD008027AC /* PBXContainerItemProxy */;
		};
/* End PBXTargetDependency section */

/* Begin PBXVariantGroup section */
		8E241ED91E0276BC008027AC /* Main.storyboard */ = {
			isa = PBXVariantGroup;
			children = (
				8E241EDA1E0276BC008027AC /* Base */,
			);
			name = Main.storyboard;
			sourceTree = "<group>";
		};
		8E241EDE1E0276BC008027AC /* LaunchScreen.storyboard */ = {
			isa = PBXVariantGroup;
			children = (
				8E241EDF1E0276BC008027AC /* Base */,
			);
			name = LaunchScreen.storyboard;
			sourceTree = "<group>";
		};
/* End PBXVariantGroup section */

/* Begin XCBuildConfiguration section */
		8E241EED1E0276BD008027AC /* Debug */ = {
			isa = XCBuildConfiguration;
			buildSettings = {
				ALWAYS_SEARCH_USER_PATHS = NO;
				CLANG_ANALYZER_NONNULL = YES;
				CLANG_CXX_LANGUAGE_STANDARD = "gnu++0x";
				CLANG_CXX_LIBRARY = "libc++";
				CLANG_ENABLE_MODULES = YES;
				CLANG_ENABLE_OBJC_ARC = YES;
				CLANG_WARN_BOOL_CONVERSION = YES;
				CLANG_WARN_CONSTANT_CONVERSION = YES;
				CLANG_WARN_DIRECT_OBJC_ISA_USAGE = YES_ERROR;
				CLANG_WARN_DOCUMENTATION_COMMENTS = YES;
				CLANG_WARN_EMPTY_BODY = YES;
				CLANG_WARN_ENUM_CONVERSION = YES;
				CLANG_WARN_INFINITE_RECURSION = YES;
				CLANG_WARN_INT_CONVERSION = YES;
				CLANG_WARN_OBJC_ROOT_CLASS = YES_ERROR;
				CLANG_WARN_SUSPICIOUS_MOVES = YES;
				CLANG_WARN_UNREACHABLE_CODE = YES;
				CLANG_WARN__DUPLICATE_METHOD_MATCH = YES;
				"CODE_SIGN_IDENTITY[sdk=iphoneos*]" = "iPhone Developer";
				COPY_PHASE_STRIP = NO;
				DEBUG_INFORMATION_FORMAT = dwarf;
				ENABLE_STRICT_OBJC_MSGSEND = YES;
				ENABLE_TESTABILITY = YES;
				GCC_C_LANGUAGE_STANDARD = gnu99;
				GCC_DYNAMIC_NO_PIC = NO;
				GCC_NO_COMMON_BLOCKS = YES;
				GCC_OPTIMIZATION_LEVEL = 0;
				GCC_PREPROCESSOR_DEFINITIONS = (
					"DEBUG=1",
					"$(inherited)",
				);
				GCC_WARN_64_TO_32_BIT_CONVERSION = YES;
				GCC_WARN_ABOUT_RETURN_TYPE = YES_ERROR;
				GCC_WARN_UNDECLARED_SELECTOR = YES;
				GCC_WARN_UNINITIALIZED_AUTOS = YES_AGGRESSIVE;
				GCC_WARN_UNUSED_FUNCTION = YES;
				GCC_WARN_UNUSED_VARIABLE = YES;
				IPHONEOS_DEPLOYMENT_TARGET = 10.0;
				MTL_ENABLE_DEBUG_INFO = YES;
				ONLY_ACTIVE_ARCH = YES;
				SDKROOT = iphoneos;
				SWIFT_ACTIVE_COMPILATION_CONDITIONS = DEBUG;
				SWIFT_OPTIMIZATION_LEVEL = "-Onone";
				TARGETED_DEVICE_FAMILY = "1,2";
			};
			name = Debug;
		};
		8E241EEE1E0276BD008027AC /* Release */ = {
			isa = XCBuildConfiguration;
			buildSettings = {
				ALWAYS_SEARCH_USER_PATHS = NO;
				CLANG_ANALYZER_NONNULL = YES;
				CLANG_CXX_LANGUAGE_STANDARD = "gnu++0x";
				CLANG_CXX_LIBRARY = "libc++";
				CLANG_ENABLE_MODULES = YES;
				CLANG_ENABLE_OBJC_ARC = YES;
				CLANG_WARN_BOOL_CONVERSION = YES;
				CLANG_WARN_CONSTANT_CONVERSION = YES;
				CLANG_WARN_DIRECT_OBJC_ISA_USAGE = YES_ERROR;
				CLANG_WARN_DOCUMENTATION_COMMENTS = YES;
				CLANG_WARN_EMPTY_BODY = YES;
				CLANG_WARN_ENUM_CONVERSION = YES;
				CLANG_WARN_INFINITE_RECURSION = YES;
				CLANG_WARN_INT_CONVERSION = YES;
				CLANG_WARN_OBJC_ROOT_CLASS = YES_ERROR;
				CLANG_WARN_SUSPICIOUS_MOVES = YES;
				CLANG_WARN_UNREACHABLE_CODE = YES;
				CLANG_WARN__DUPLICATE_METHOD_MATCH = YES;
				"CODE_SIGN_IDENTITY[sdk=iphoneos*]" = "iPhone Developer";
				COPY_PHASE_STRIP = NO;
				DEBUG_INFORMATION_FORMAT = "dwarf-with-dsym";
				ENABLE_NS_ASSERTIONS = NO;
				ENABLE_STRICT_OBJC_MSGSEND = YES;
				GCC_C_LANGUAGE_STANDARD = gnu99;
				GCC_NO_COMMON_BLOCKS = YES;
				GCC_WARN_64_TO_32_BIT_CONVERSION = YES;
				GCC_WARN_ABOUT_RETURN_TYPE = YES_ERROR;
				GCC_WARN_UNDECLARED_SELECTOR = YES;
				GCC_WARN_UNINITIALIZED_AUTOS = YES_AGGRESSIVE;
				GCC_WARN_UNUSED_FUNCTION = YES;
				GCC_WARN_UNUSED_VARIABLE = YES;
				IPHONEOS_DEPLOYMENT_TARGET = 10.0;
				MTL_ENABLE_DEBUG_INFO = NO;
				SDKROOT = iphoneos;
				SWIFT_OPTIMIZATION_LEVEL = "-Owholemodule";
				TARGETED_DEVICE_FAMILY = "1,2";
				VALIDATE_PRODUCT = YES;
			};
			name = Release;
		};
		8E241EF01E0276BD008027AC /* Debug */ = {
			isa = XCBuildConfiguration;
			buildSettings = {
				ASSETCATALOG_COMPILER_APPICON_NAME = AppIcon;
				INFOPLIST_FILE = Twitter/Info.plist;
				LD_RUNPATH_SEARCH_PATHS = "$(inherited) @executable_path/Frameworks";
				PRODUCT_BUNDLE_IDENTIFIER = TMH.Twitter;
				PRODUCT_NAME = "$(TARGET_NAME)";
				SWIFT_VERSION = 3.0;
			};
			name = Debug;
		};
		8E241EF11E0276BD008027AC /* Release */ = {
			isa = XCBuildConfiguration;
			buildSettings = {
				ASSETCATALOG_COMPILER_APPICON_NAME = AppIcon;
				INFOPLIST_FILE = Twitter/Info.plist;
				LD_RUNPATH_SEARCH_PATHS = "$(inherited) @executable_path/Frameworks";
				PRODUCT_BUNDLE_IDENTIFIER = TMH.Twitter;
				PRODUCT_NAME = "$(TARGET_NAME)";
				SWIFT_VERSION = 3.0;
			};
			name = Release;
		};
		8E241EF31E0276BD008027AC /* Debug */ = {
			isa = XCBuildConfiguration;
			buildSettings = {
				ALWAYS_EMBED_SWIFT_STANDARD_LIBRARIES = YES;
				BUNDLE_LOADER = "$(TEST_HOST)";
				INFOPLIST_FILE = TwitterTests/Info.plist;
				LD_RUNPATH_SEARCH_PATHS = "$(inherited) @executable_path/Frameworks @loader_path/Frameworks";
				PRODUCT_BUNDLE_IDENTIFIER = TMH.TwitterTests;
				PRODUCT_NAME = "$(TARGET_NAME)";
				SWIFT_VERSION = 3.0;
				TEST_HOST = "$(BUILT_PRODUCTS_DIR)/Twitter.app/Twitter";
			};
			name = Debug;
		};
		8E241EF41E0276BD008027AC /* Release */ = {
			isa = XCBuildConfiguration;
			buildSettings = {
				ALWAYS_EMBED_SWIFT_STANDARD_LIBRARIES = YES;
				BUNDLE_LOADER = "$(TEST_HOST)";
				INFOPLIST_FILE = TwitterTests/Info.plist;
				LD_RUNPATH_SEARCH_PATHS = "$(inherited) @executable_path/Frameworks @loader_path/Frameworks";
				PRODUCT_BUNDLE_IDENTIFIER = TMH.TwitterTests;
				PRODUCT_NAME = "$(TARGET_NAME)";
				SWIFT_VERSION = 3.0;
				TEST_HOST = "$(BUILT_PRODUCTS_DIR)/Twitter.app/Twitter";
			};
			name = Release;
		};
/* End XCBuildConfiguration section */

/* Begin XCConfigurationList section */
		8E241ECD1E0276BC008027AC /* Build configuration list for PBXProject "Twitter" */ = {
			isa = XCConfigurationList;
			buildConfigurations = (
				8E241EED1E0276BD008027AC /* Debug */,
				8E241EEE1E0276BD008027AC /* Release */,
			);
			defaultConfigurationIsVisible = 0;
			defaultConfigurationName = Release;
		};
		8E241EEF1E0276BD008027AC /* Build configuration list for PBXNativeTarget "Twitter" */ = {
			isa = XCConfigurationList;
			buildConfigurations = (
				8E241EF01E0276BD008027AC /* Debug */,
				8E241EF11E0276BD008027AC /* Release */,
			);
			defaultConfigurationIsVisible = 0;
		};
		8E241EF21E0276BD008027AC /* Build configuration list for PBXNativeTarget "TwitterTests" */ = {
			isa = XCConfigurationList;
			buildConfigurations = (
				8E241EF31E0276BD008027AC /* Debug */,
				8E241EF41E0276BD008027AC /* Release */,
			);
			defaultConfigurationIsVisible = 0;
		};
/* End XCConfigurationList section */
	};
	rootObject = 8E241ECA1E0276BC008027AC /* Project object */;
}
